
Microsoft Visual Studio Solution File, Format Version 12.00
# Visual Studio 15
VisualStudioVersion = 15.0.26730.15
MinimumVisualStudioVersion = 10.0.40219.1
Project("{8BC9CEB8-8B4A-11D0-8D11-00A0C91BC942}") = "Ex4.2", "Ex4.2\Ex4.2.vcxproj", "{FC225EC5-6B7C-4D47-BA5E-1A64F7458C45}"
EndProject
Global
	GlobalSection(SolutionConfigurationPlatforms) = preSolution
		Debug|x64 = Debug|x64
		Debug|x86 = Debug|x86
		Release|x64 = Release|x64
		Release|x86 = Release|x86
	EndGlobalSection
	GlobalSection(ProjectConfigurationPlatforms) = postSolution
		{FC225EC5-6B7C-4D47-BA5E-1A64F7458C45}.Debug|x64.ActiveCfg = Debug|x64
		{FC225EC5-6B7C-4D47-BA5E-1A64F7458C45}.Debug|x64.Build.0 = Debug|x64
		{FC225EC5-6B7C-4D47-BA5E-1A64F7458C45}.Debug|x86.ActiveCfg = Debug|Win32
		{FC225EC5-6B7C-4D47-BA5E-1A64F7458C45}.Debug|x86.Build.0 = Debug|Win32
		{FC225EC5-6B7C-4D47-BA5E-1A64F7458C45}.Release|x64.ActiveCfg = Release|x64
		{FC225EC5-6B7C-4D47-BA5E-1A64F7458C45}.Release|x64.Build.0 = Release|x64
		{FC225EC5-6B7C-4D47-BA5E-1A64F7458C45}.Release|x86.ActiveCfg = Release|Win32
		{FC225EC5-6B7C-4D47-BA5E-1A64F7458C45}.Release|x86.Build.0 = Release|Win32
	EndGlobalSection
	GlobalSection(SolutionProperties) = preSolution
		HideSolutionNode = FALSE
	EndGlobalSection
	GlobalSection(ExtensibilityGlobals) = postSolution
		SolutionGuid = {2D5D940D-AF26-4F75-9861-C03F6AE9AD09}
	EndGlobalSection
EndGlobal
