
Microsoft Visual Studio Solution File, Format Version 12.00
# Visual Studio 15
VisualStudioVersion = 15.0.26730.15
MinimumVisualStudioVersion = 10.0.40219.1
Project("{8BC9CEB8-8B4A-11D0-8D11-00A0C91BC942}") = "ExoduCours", "ExoduCours\ExoduCours.vcxproj", "{2FA2A26F-2D9A-4DEF-A811-8B08D1FAF68B}"
EndProject
Global
	GlobalSection(SolutionConfigurationPlatforms) = preSolution
		Debug|x64 = Debug|x64
		Debug|x86 = Debug|x86
		Release|x64 = Release|x64
		Release|x86 = Release|x86
	EndGlobalSection
	GlobalSection(ProjectConfigurationPlatforms) = postSolution
		{2FA2A26F-2D9A-4DEF-A811-8B08D1FAF68B}.Debug|x64.ActiveCfg = Debug|x64
		{2FA2A26F-2D9A-4DEF-A811-8B08D1FAF68B}.Debug|x64.Build.0 = Debug|x64
		{2FA2A26F-2D9A-4DEF-A811-8B08D1FAF68B}.Debug|x86.ActiveCfg = Debug|Win32
		{2FA2A26F-2D9A-4DEF-A811-8B08D1FAF68B}.Debug|x86.Build.0 = Debug|Win32
		{2FA2A26F-2D9A-4DEF-A811-8B08D1FAF68B}.Release|x64.ActiveCfg = Release|x64
		{2FA2A26F-2D9A-4DEF-A811-8B08D1FAF68B}.Release|x64.Build.0 = Release|x64
		{2FA2A26F-2D9A-4DEF-A811-8B08D1FAF68B}.Release|x86.ActiveCfg = Release|Win32
		{2FA2A26F-2D9A-4DEF-A811-8B08D1FAF68B}.Release|x86.Build.0 = Release|Win32
	EndGlobalSection
	GlobalSection(SolutionProperties) = preSolution
		HideSolutionNode = FALSE
	EndGlobalSection
	GlobalSection(ExtensibilityGlobals) = postSolution
		SolutionGuid = {208A7FAA-EF81-44FD-AF46-693581AC9E42}
	EndGlobalSection
EndGlobal
