
Microsoft Visual Studio Solution File, Format Version 12.00
# Visual Studio 15
VisualStudioVersion = 15.0.26730.15
MinimumVisualStudioVersion = 10.0.40219.1
Project("{8BC9CEB8-8B4A-11D0-8D11-00A0C91BC942}") = "OOP_Ex4.1", "OOP_Ex4.1\OOP_Ex4.1.vcxproj", "{5131C656-E1D9-4E02-BA4A-6974A0F9E2BB}"
EndProject
Global
	GlobalSection(SolutionConfigurationPlatforms) = preSolution
		Debug|x64 = Debug|x64
		Debug|x86 = Debug|x86
		Release|x64 = Release|x64
		Release|x86 = Release|x86
	EndGlobalSection
	GlobalSection(ProjectConfigurationPlatforms) = postSolution
		{5131C656-E1D9-4E02-BA4A-6974A0F9E2BB}.Debug|x64.ActiveCfg = Debug|x64
		{5131C656-E1D9-4E02-BA4A-6974A0F9E2BB}.Debug|x64.Build.0 = Debug|x64
		{5131C656-E1D9-4E02-BA4A-6974A0F9E2BB}.Debug|x86.ActiveCfg = Debug|Win32
		{5131C656-E1D9-4E02-BA4A-6974A0F9E2BB}.Debug|x86.Build.0 = Debug|Win32
		{5131C656-E1D9-4E02-BA4A-6974A0F9E2BB}.Release|x64.ActiveCfg = Release|x64
		{5131C656-E1D9-4E02-BA4A-6974A0F9E2BB}.Release|x64.Build.0 = Release|x64
		{5131C656-E1D9-4E02-BA4A-6974A0F9E2BB}.Release|x86.ActiveCfg = Release|Win32
		{5131C656-E1D9-4E02-BA4A-6974A0F9E2BB}.Release|x86.Build.0 = Release|Win32
	EndGlobalSection
	GlobalSection(SolutionProperties) = preSolution
		HideSolutionNode = FALSE
	EndGlobalSection
	GlobalSection(ExtensibilityGlobals) = postSolution
		SolutionGuid = {57DC184A-AB71-496B-9C8F-27E4E202DBD2}
	EndGlobalSection
EndGlobal
